# This file is automatically @generated by Cargo.
# It is not intended for manual editing.
version = 4

[[package]]
name = "hulk_ast"
version = "0.1.0"
dependencies = [
 "hulk_lexer",
]

[[package]]
name = "hulk_interpreter"
version = "0.1.0"
dependencies = [
 "hulk_ast",
 "hulk_lexer",
 "hulk_parser",
 "hulk_semantic",
]

[[package]]
name = "hulk_lexer"
version = "0.1.0"

[[package]]
name = "hulk_parser"
version = "0.1.0"
dependencies = [
 "hulk_ast",
 "hulk_lexer",
]

[[package]]
name = "hulk_semantic"
version = "0.1.0"
dependencies = [
 "hulk_ast",
 "hulk_lexer",
 "hulk_parser",
]

[[package]]
name = "hulkc"
version = "0.1.0"
dependencies = [
 "hulk_interpreter",
 "hulk_lexer",
 "hulk_parser",
 "hulk_semantic",
]
